// !$*UTF8*$!
{
	archiveVersion = 1;
	classes = {
	};
	objectVersion = 46;
	objects = {

/* Begin PBXAggregateTarget section */
		C11A64891754D6AB00385896 /* Framework */ = {
			isa = PBXAggregateTarget;
			buildConfigurationList = C11A648A1754D6AB00385896 /* Build configuration list for PBXAggregateTarget "Framework" */;
			buildPhases = (
				C11A648F1754D6DA00385896 /* ShellScript */,
			);
			dependencies = (
				C11A64A21754DA2D00385896 /* PBXTargetDependency */,
				C11A648E1754D6B300385896 /* PBXTargetDependency */,
			);
			name = Framework;
			productName = Framework;
		};
/* End PBXAggregateTarget section */

/* Begin PBXBuildFile section */
		7EFE11E41B71D07D00EF10BF /* AuthConfiguration.h in Headers */ = {isa = PBXBuildFile; fileRef = 7EFE11E21B71D07D00EF10BF /* AuthConfiguration.h */; settings = {ATTRIBUTES = (Public, ); }; };
		7EFE11E51B71D07D00EF10BF /* AuthConfiguration.m in Sources */ = {isa = PBXBuildFile; fileRef = 7EFE11E31B71D07D00EF10BF /* AuthConfiguration.m */; };
		9B1BCEE31CF69D440076FE2D /* TTSCustomWord.h in Headers */ = {isa = PBXBuildFile; fileRef = 9B1BCEE11CF69D440076FE2D /* TTSCustomWord.h */; settings = {ATTRIBUTES = (Public, ); }; };
		9B1BCEE41CF69D440076FE2D /* TTSCustomWord.m in Sources */ = {isa = PBXBuildFile; fileRef = 9B1BCEE21CF69D440076FE2D /* TTSCustomWord.m */; };
		9B1BCEEB1CF6CAAD0076FE2D /* STTConfiguration.m in Headers */ = {isa = PBXBuildFile; fileRef = 9B3669631CF354B800806BEE /* STTConfiguration.m */; settings = {ATTRIBUTES = (Public, ); }; };
		9B1BCEF41CF704C10076FE2D /* TTSCustomizationDetailTableViewCell.m in Sources */ = {isa = PBXBuildFile; fileRef = 9B1BCEF31CF704C10076FE2D /* TTSCustomizationDetailTableViewCell.m */; };
		9B36693F1CF21A5400806BEE /* WebSocketAudioStreamer.h in Headers */ = {isa = PBXBuildFile; fileRef = 9B36693D1CF21A5400806BEE /* WebSocketAudioStreamer.h */; settings = {ATTRIBUTES = (Public, ); }; };
		9B3669401CF21A5400806BEE /* WebSocketAudioStreamer.m in Sources */ = {isa = PBXBuildFile; fileRef = 9B36693E1CF21A5400806BEE /* WebSocketAudioStreamer.m */; };
		9B3669551CF3546C00806BEE /* TTSCustomVoice.h in Headers */ = {isa = PBXBuildFile; fileRef = 9B3669531CF3546C00806BEE /* TTSCustomVoice.h */; settings = {ATTRIBUTES = (Public, ); }; };
		9B3669561CF3546C00806BEE /* TTSCustomVoice.m in Sources */ = {isa = PBXBuildFile; fileRef = 9B3669541CF3546C00806BEE /* TTSCustomVoice.m */; };
		9B36695B1CF3549400806BEE /* TextToSpeech.h in Headers */ = {isa = PBXBuildFile; fileRef = 9B3669571CF3549400806BEE /* TextToSpeech.h */; settings = {ATTRIBUTES = (Public, ); }; };
		9B36695C1CF3549400806BEE /* TextToSpeech.m in Sources */ = {isa = PBXBuildFile; fileRef = 9B3669581CF3549400806BEE /* TextToSpeech.m */; };
		9B36695D1CF3549400806BEE /* TTSConfiguration.h in Headers */ = {isa = PBXBuildFile; fileRef = 9B3669591CF3549400806BEE /* TTSConfiguration.h */; settings = {ATTRIBUTES = (Public, ); }; };
		9B36695E1CF3549400806BEE /* TTSConfiguration.m in Sources */ = {isa = PBXBuildFile; fileRef = 9B36695A1CF3549400806BEE /* TTSConfiguration.m */; };
		9B3669641CF354B800806BEE /* SpeechToText.h in Headers */ = {isa = PBXBuildFile; fileRef = 9B3669601CF354B800806BEE /* SpeechToText.h */; settings = {ATTRIBUTES = (Public, ); }; };
		9B3669651CF354B800806BEE /* SpeechToText.m in Sources */ = {isa = PBXBuildFile; fileRef = 9B3669611CF354B800806BEE /* SpeechToText.m */; };
		9B3669661CF354B800806BEE /* STTConfiguration.h in Headers */ = {isa = PBXBuildFile; fileRef = 9B3669621CF354B800806BEE /* STTConfiguration.h */; settings = {ATTRIBUTES = (Public, ); }; };
		9B3669671CF354B800806BEE /* STTConfiguration.m in Sources */ = {isa = PBXBuildFile; fileRef = 9B3669631CF354B800806BEE /* STTConfiguration.m */; };
		9B375ABB1CEB0C2500A6F9D4 /* SwiftTTSViewController.swift in Sources */ = {isa = PBXBuildFile; fileRef = 9B375ABA1CEB0C2500A6F9D4 /* SwiftTTSViewController.swift */; };
		9B375ABD1CEB194400A6F9D4 /* libicucore.tbd in Frameworks */ = {isa = PBXBuildFile; fileRef = 9BA060401CE6D9320018CA5B /* libicucore.tbd */; };
		9B47E7451CEF5B4A003E0860 /* LaunchScreen.storyboard in Resources */ = {isa = PBXBuildFile; fileRef = 9B47E7431CEF5B4A003E0860 /* LaunchScreen.storyboard */; };
		9B47E7481CEF5B77003E0860 /* LaunchScreen.storyboard in Resources */ = {isa = PBXBuildFile; fileRef = 9B47E7461CEF5B77003E0860 /* LaunchScreen.storyboard */; };
		9B47E7581CF21645003E0860 /* SpeechUtility.h in Headers */ = {isa = PBXBuildFile; fileRef = 9B47E7561CF21645003E0860 /* SpeechUtility.h */; settings = {ATTRIBUTES = (Public, ); }; };
		9B47E7591CF21645003E0860 /* SpeechUtility.m in Sources */ = {isa = PBXBuildFile; fileRef = 9B47E7571CF21645003E0860 /* SpeechUtility.m */; };
		9BA060411CE6D9320018CA5B /* libicucore.tbd in Frameworks */ = {isa = PBXBuildFile; fileRef = 9BA060401CE6D9320018CA5B /* libicucore.tbd */; };
		9BA475891B9D34AA00D66F1E /* OggHelper.h in Headers */ = {isa = PBXBuildFile; fileRef = 9BA475871B9D34AA00D66F1E /* OggHelper.h */; settings = {ATTRIBUTES = (Public, ); }; };
		9BA4758A1B9D34AA00D66F1E /* OggHelper.m in Sources */ = {isa = PBXBuildFile; fileRef = 9BA475881B9D34AA00D66F1E /* OggHelper.m */; };
		9BA4758E1B9D354E00D66F1E /* config_types.h in Headers */ = {isa = PBXBuildFile; fileRef = 9BA4758B1B9D354E00D66F1E /* config_types.h */; };
		9BA4758F1B9D354E00D66F1E /* ogg.h in Headers */ = {isa = PBXBuildFile; fileRef = 9BA4758C1B9D354E00D66F1E /* ogg.h */; settings = {ATTRIBUTES = (Public, ); }; };
		9BA475901B9D354E00D66F1E /* os_types.h in Headers */ = {isa = PBXBuildFile; fileRef = 9BA4758D1B9D354E00D66F1E /* os_types.h */; };
		9BCAD8341CE6BF1200BE3B5F /* SRDelegateController.h in Headers */ = {isa = PBXBuildFile; fileRef = 9BCAD8201CE6BF1200BE3B5F /* SRDelegateController.h */; };
		9BCAD8351CE6BF1200BE3B5F /* SRDelegateController.m in Sources */ = {isa = PBXBuildFile; fileRef = 9BCAD8211CE6BF1200BE3B5F /* SRDelegateController.m */; };
		9BCAD8361CE6BF1200BE3B5F /* SRIOConsumer.h in Headers */ = {isa = PBXBuildFile; fileRef = 9BCAD8231CE6BF1200BE3B5F /* SRIOConsumer.h */; };
		9BCAD8371CE6BF1200BE3B5F /* SRIOConsumer.m in Sources */ = {isa = PBXBuildFile; fileRef = 9BCAD8241CE6BF1200BE3B5F /* SRIOConsumer.m */; };
		9BCAD8381CE6BF1200BE3B5F /* SRIOConsumerPool.h in Headers */ = {isa = PBXBuildFile; fileRef = 9BCAD8251CE6BF1200BE3B5F /* SRIOConsumerPool.h */; };
		9BCAD8391CE6BF1200BE3B5F /* SRIOConsumerPool.m in Sources */ = {isa = PBXBuildFile; fileRef = 9BCAD8261CE6BF1200BE3B5F /* SRIOConsumerPool.m */; };
		9BCAD83A1CE6BF1200BE3B5F /* SRRunLoopThread.h in Headers */ = {isa = PBXBuildFile; fileRef = 9BCAD8281CE6BF1200BE3B5F /* SRRunLoopThread.h */; };
		9BCAD83B1CE6BF1200BE3B5F /* SRRunLoopThread.m in Sources */ = {isa = PBXBuildFile; fileRef = 9BCAD8291CE6BF1200BE3B5F /* SRRunLoopThread.m */; };
		9BCAD83C1CE6BF1200BE3B5F /* SRError.h in Headers */ = {isa = PBXBuildFile; fileRef = 9BCAD82B1CE6BF1200BE3B5F /* SRError.h */; };
		9BCAD83D1CE6BF1200BE3B5F /* SRError.m in Sources */ = {isa = PBXBuildFile; fileRef = 9BCAD82C1CE6BF1200BE3B5F /* SRError.m */; };
		9BCAD83E1CE6BF1200BE3B5F /* SRHash.h in Headers */ = {isa = PBXBuildFile; fileRef = 9BCAD82D1CE6BF1200BE3B5F /* SRHash.h */; };
		9BCAD83F1CE6BF1200BE3B5F /* SRHash.m in Sources */ = {isa = PBXBuildFile; fileRef = 9BCAD82E1CE6BF1200BE3B5F /* SRHash.m */; };
		9BCAD8401CE6BF1200BE3B5F /* SRURLUtilities.h in Headers */ = {isa = PBXBuildFile; fileRef = 9BCAD82F1CE6BF1200BE3B5F /* SRURLUtilities.h */; };
		9BCAD8411CE6BF1200BE3B5F /* SRURLUtilities.m in Sources */ = {isa = PBXBuildFile; fileRef = 9BCAD8301CE6BF1200BE3B5F /* SRURLUtilities.m */; };
		9BCAD8421CE6BF1200BE3B5F /* SocketRocket.h in Headers */ = {isa = PBXBuildFile; fileRef = 9BCAD8311CE6BF1200BE3B5F /* SocketRocket.h */; settings = {ATTRIBUTES = (Public, ); }; };
		9BCAD8431CE6BF1200BE3B5F /* SRWebSocket.h in Headers */ = {isa = PBXBuildFile; fileRef = 9BCAD8321CE6BF1200BE3B5F /* SRWebSocket.h */; };
		9BCAD8441CE6BF1200BE3B5F /* SRWebSocket.m in Sources */ = {isa = PBXBuildFile; fileRef = 9BCAD8331CE6BF1200BE3B5F /* SRWebSocket.m */; };
		9BF00C9A1CF5A2BD00624702 /* TTSCustomizationViewController.m in Sources */ = {isa = PBXBuildFile; fileRef = 9BF00C961CF5A10100624702 /* TTSCustomizationViewController.m */; };
		9BF00CA01CF5AB7F00624702 /* Credentials.plist in Resources */ = {isa = PBXBuildFile; fileRef = 9BF00C9E1CF5A8DE00624702 /* Credentials.plist */; };
		9BF00CA11CF5AB8100624702 /* Credentials.plist in Resources */ = {isa = PBXBuildFile; fileRef = 9BF00C9E1CF5A8DE00624702 /* Credentials.plist */; };
		9BF00CA71CF6268000624702 /* TTSCustomizationDetailViewController.m in Sources */ = {isa = PBXBuildFile; fileRef = 9BF00CA31CF620E500624702 /* TTSCustomizationDetailViewController.m */; };
		9BF43ED21CEAC81900EC0185 /* AppDelegate.swift in Sources */ = {isa = PBXBuildFile; fileRef = 9BF43ED11CEAC81900EC0185 /* AppDelegate.swift */; };
		9BF43ED41CEAC81900EC0185 /* SwiftSTTViewController.swift in Sources */ = {isa = PBXBuildFile; fileRef = 9BF43ED31CEAC81900EC0185 /* SwiftSTTViewController.swift */; };
		9BF43ED71CEAC81900EC0185 /* Main.storyboard in Resources */ = {isa = PBXBuildFile; fileRef = 9BF43ED51CEAC81900EC0185 /* Main.storyboard */; };
		9BF43ED91CEAC81900EC0185 /* Assets.xcassets in Resources */ = {isa = PBXBuildFile; fileRef = 9BF43ED81CEAC81900EC0185 /* Assets.xcassets */; };
		9BF43EE11CEAC82E00EC0185 /* libwatsonsdk.a in Frameworks */ = {isa = PBXBuildFile; fileRef = C11A645B1754D0E600385896 /* libwatsonsdk.a */; };
		C11772091AFD191D00C8791A /* libogg.a in Frameworks */ = {isa = PBXBuildFile; fileRef = C11772081AFD191D00C8791A /* libogg.a */; };
		C11772141B029BEE00C8791A /* opus_header.h in Headers */ = {isa = PBXBuildFile; fileRef = C11772131B029BEE00C8791A /* opus_header.h */; };
		C117721E1B02A15000C8791A /* opus_header.c in Sources */ = {isa = PBXBuildFile; fileRef = C117721D1B02A15000C8791A /* opus_header.c */; };
		C11A645F1754D0E600385896 /* Foundation.framework in Frameworks */ = {isa = PBXBuildFile; fileRef = C11A645E1754D0E600385896 /* Foundation.framework */; };
		C11A64961754D98700385896 /* CoreFoundation.framework in Frameworks */ = {isa = PBXBuildFile; fileRef = C11A64951754D98700385896 /* CoreFoundation.framework */; };
		C11A649C1754D98700385896 /* InfoPlist.strings in Resources */ = {isa = PBXBuildFile; fileRef = C11A649A1754D98700385896 /* InfoPlist.strings */; };
		C11B3EA21AF41A200062BF7D /* AVFoundation.framework in Frameworks */ = {isa = PBXBuildFile; fileRef = C11B3EA11AF41A200062BF7D /* AVFoundation.framework */; };
		C11B3EA31AF41A320062BF7D /* AVFoundation.framework in Frameworks */ = {isa = PBXBuildFile; fileRef = C11B3EA11AF41A200062BF7D /* AVFoundation.framework */; };
		C11D9E7A1937C57200F2D614 /* beep.wav in Resources */ = {isa = PBXBuildFile; fileRef = C11D9E791937C57200F2D614 /* beep.wav */; };
		C1235355199B53FF009A8F8B /* OpusHelper.h in Headers */ = {isa = PBXBuildFile; fileRef = C1235353199B53FF009A8F8B /* OpusHelper.h */; settings = {ATTRIBUTES = (Public, ); }; };
		C1235356199B53FF009A8F8B /* OpusHelper.m in Sources */ = {isa = PBXBuildFile; fileRef = C1235354199B53FF009A8F8B /* OpusHelper.m */; };
		C165429C191A0D8500905DCC /* Foundation.framework in Frameworks */ = {isa = PBXBuildFile; fileRef = C11A645E1754D0E600385896 /* Foundation.framework */; };
		C165429E191A0D8500905DCC /* CoreGraphics.framework in Frameworks */ = {isa = PBXBuildFile; fileRef = C165429D191A0D8500905DCC /* CoreGraphics.framework */; };
		C16542A5191A0D8500905DCC /* InfoPlist.strings in Resources */ = {isa = PBXBuildFile; fileRef = C16542A3191A0D8500905DCC /* InfoPlist.strings */; };
		C16542A7191A0D8500905DCC /* main.m in Sources */ = {isa = PBXBuildFile; fileRef = C16542A6191A0D8500905DCC /* main.m */; };
		C16542AB191A0D8500905DCC /* AppDelegate.m in Sources */ = {isa = PBXBuildFile; fileRef = C16542AA191A0D8500905DCC /* AppDelegate.m */; };
		C16542AE191A0D8500905DCC /* Main.storyboard in Resources */ = {isa = PBXBuildFile; fileRef = C16542AC191A0D8500905DCC /* Main.storyboard */; };
		C16542B4191A0D8500905DCC /* STTViewController.m in Sources */ = {isa = PBXBuildFile; fileRef = C16542B3191A0D8500905DCC /* STTViewController.m */; };
		C16542B6191A0D8500905DCC /* Images.xcassets in Resources */ = {isa = PBXBuildFile; fileRef = C16542B5191A0D8500905DCC /* Images.xcassets */; };
		C16542D4191A0FA100905DCC /* libwatsonsdk.a in Frameworks */ = {isa = PBXBuildFile; fileRef = C11A645B1754D0E600385896 /* libwatsonsdk.a */; };
		C17779641B9DBFAA0066269A /* TTSViewController.m in Sources */ = {isa = PBXBuildFile; fileRef = C17779631B9DBFAA0066269A /* TTSViewController.m */; };
		C1B14B831AA0D3DD00864C53 /* libopus.a in Frameworks */ = {isa = PBXBuildFile; fileRef = C1B14B821AA0D3DC00864C53 /* libopus.a */; };
		C1D4580119A78BBB00093095 /* Security.framework in Frameworks */ = {isa = PBXBuildFile; fileRef = C1D4580019A78BBB00093095 /* Security.framework */; };
		C1D4580219A78BC400093095 /* CFNetwork.framework in Frameworks */ = {isa = PBXBuildFile; fileRef = C11A66E117560AD900385896 /* CFNetwork.framework */; };
		C1D4580419A78BDF00093095 /* Security.framework in Frameworks */ = {isa = PBXBuildFile; fileRef = C1D4580019A78BBB00093095 /* Security.framework */; };
		C1D4580519A78BE700093095 /* CFNetwork.framework in Frameworks */ = {isa = PBXBuildFile; fileRef = C11A66E117560AD900385896 /* CFNetwork.framework */; };
/* End PBXBuildFile section */

/* Begin PBXContainerItemProxy section */
		C11A648D1754D6B300385896 /* PBXContainerItemProxy */ = {
			isa = PBXContainerItemProxy;
			containerPortal = C11A64531754D0E600385896 /* Project object */;
			proxyType = 1;
			remoteGlobalIDString = C11A645A1754D0E600385896;
			remoteInfo = watsonsdk;
		};
		C11A64A11754DA2D00385896 /* PBXContainerItemProxy */ = {
			isa = PBXContainerItemProxy;
			containerPortal = C11A64531754D0E600385896 /* Project object */;
			proxyType = 1;
			remoteGlobalIDString = C11A64931754D98700385896;
			remoteInfo = watsonResources;
		};
		C11D9E7C1937D8B900F2D614 /* PBXContainerItemProxy */ = {
			isa = PBXContainerItemProxy;
			containerPortal = C11A64531754D0E600385896 /* Project object */;
			proxyType = 1;
			remoteGlobalIDString = C11A64931754D98700385896;
			remoteInfo = watsonResources;
		};
/* End PBXContainerItemProxy section */

/* Begin PBXCopyFilesBuildPhase section */
		C11A64591754D0E600385896 /* CopyFiles */ = {
			isa = PBXCopyFilesBuildPhase;
			buildActionMask = 2147483647;
			dstPath = "include/${PRODUCT_NAME}";
			dstSubfolderSpec = 16;
			files = (
			);
			runOnlyForDeploymentPostprocessing = 0;
		};
/* End PBXCopyFilesBuildPhase section */

/* Begin PBXFileReference section */
		7EFE11E21B71D07D00EF10BF /* AuthConfiguration.h */ = {isa = PBXFileReference; fileEncoding = 4; lastKnownFileType = sourcecode.c.h; path = AuthConfiguration.h; sourceTree = "<group>"; };
		7EFE11E31B71D07D00EF10BF /* AuthConfiguration.m */ = {isa = PBXFileReference; fileEncoding = 4; lastKnownFileType = sourcecode.c.objc; path = AuthConfiguration.m; sourceTree = "<group>"; };
		9B1BCEE11CF69D440076FE2D /* TTSCustomWord.h */ = {isa = PBXFileReference; fileEncoding = 4; lastKnownFileType = sourcecode.c.h; path = TTSCustomWord.h; sourceTree = "<group>"; };
		9B1BCEE21CF69D440076FE2D /* TTSCustomWord.m */ = {isa = PBXFileReference; fileEncoding = 4; lastKnownFileType = sourcecode.c.objc; path = TTSCustomWord.m; sourceTree = "<group>"; };
		9B1BCEF21CF704C10076FE2D /* TTSCustomizationDetailTableViewCell.h */ = {isa = PBXFileReference; fileEncoding = 4; lastKnownFileType = sourcecode.c.h; path = TTSCustomizationDetailTableViewCell.h; sourceTree = "<group>"; };
		9B1BCEF31CF704C10076FE2D /* TTSCustomizationDetailTableViewCell.m */ = {isa = PBXFileReference; fileEncoding = 4; lastKnownFileType = sourcecode.c.objc; path = TTSCustomizationDetailTableViewCell.m; sourceTree = "<group>"; };
		9B36693D1CF21A5400806BEE /* WebSocketAudioStreamer.h */ = {isa = PBXFileReference; fileEncoding = 4; lastKnownFileType = sourcecode.c.h; path = WebSocketAudioStreamer.h; sourceTree = "<group>"; };
		9B36693E1CF21A5400806BEE /* WebSocketAudioStreamer.m */ = {isa = PBXFileReference; fileEncoding = 4; lastKnownFileType = sourcecode.c.objc; path = WebSocketAudioStreamer.m; sourceTree = "<group>"; };
		9B3669531CF3546C00806BEE /* TTSCustomVoice.h */ = {isa = PBXFileReference; fileEncoding = 4; lastKnownFileType = sourcecode.c.h; path = TTSCustomVoice.h; sourceTree = "<group>"; };
		9B3669541CF3546C00806BEE /* TTSCustomVoice.m */ = {isa = PBXFileReference; fileEncoding = 4; lastKnownFileType = sourcecode.c.objc; path = TTSCustomVoice.m; sourceTree = "<group>"; };
		9B3669571CF3549400806BEE /* TextToSpeech.h */ = {isa = PBXFileReference; fileEncoding = 4; lastKnownFileType = sourcecode.c.h; path = TextToSpeech.h; sourceTree = "<group>"; };
		9B3669581CF3549400806BEE /* TextToSpeech.m */ = {isa = PBXFileReference; fileEncoding = 4; lastKnownFileType = sourcecode.c.objc; path = TextToSpeech.m; sourceTree = "<group>"; };
		9B3669591CF3549400806BEE /* TTSConfiguration.h */ = {isa = PBXFileReference; fileEncoding = 4; lastKnownFileType = sourcecode.c.h; path = TTSConfiguration.h; sourceTree = "<group>"; };
		9B36695A1CF3549400806BEE /* TTSConfiguration.m */ = {isa = PBXFileReference; fileEncoding = 4; lastKnownFileType = sourcecode.c.objc; path = TTSConfiguration.m; sourceTree = "<group>"; };
		9B3669601CF354B800806BEE /* SpeechToText.h */ = {isa = PBXFileReference; fileEncoding = 4; lastKnownFileType = sourcecode.c.h; path = SpeechToText.h; sourceTree = "<group>"; };
		9B3669611CF354B800806BEE /* SpeechToText.m */ = {isa = PBXFileReference; fileEncoding = 4; lastKnownFileType = sourcecode.c.objc; path = SpeechToText.m; sourceTree = "<group>"; };
		9B3669621CF354B800806BEE /* STTConfiguration.h */ = {isa = PBXFileReference; fileEncoding = 4; lastKnownFileType = sourcecode.c.h; path = STTConfiguration.h; sourceTree = "<group>"; };
		9B3669631CF354B800806BEE /* STTConfiguration.m */ = {isa = PBXFileReference; fileEncoding = 4; lastKnownFileType = sourcecode.c.objc; path = STTConfiguration.m; sourceTree = "<group>"; };
		9B375ABA1CEB0C2500A6F9D4 /* SwiftTTSViewController.swift */ = {isa = PBXFileReference; fileEncoding = 4; lastKnownFileType = sourcecode.swift; path = SwiftTTSViewController.swift; sourceTree = "<group>"; };
		9B375ABC1CEB184200A6F9D4 /* SwiftSpeechHeader.h */ = {isa = PBXFileReference; lastKnownFileType = sourcecode.c.h; path = SwiftSpeechHeader.h; sourceTree = "<group>"; };
		9B47E7441CEF5B4A003E0860 /* Base */ = {isa = PBXFileReference; lastKnownFileType = file.storyboard; name = Base; path = Base.lproj/LaunchScreen.storyboard; sourceTree = "<group>"; };
		9B47E7471CEF5B77003E0860 /* Base */ = {isa = PBXFileReference; lastKnownFileType = file.storyboard; name = Base; path = Base.lproj/LaunchScreen.storyboard; sourceTree = "<group>"; };
		9B47E7561CF21645003E0860 /* SpeechUtility.h */ = {isa = PBXFileReference; fileEncoding = 4; lastKnownFileType = sourcecode.c.h; path = SpeechUtility.h; sourceTree = "<group>"; };
		9B47E7571CF21645003E0860 /* SpeechUtility.m */ = {isa = PBXFileReference; fileEncoding = 4; lastKnownFileType = sourcecode.c.objc; path = SpeechUtility.m; sourceTree = "<group>"; };
		9BA060401CE6D9320018CA5B /* libicucore.tbd */ = {isa = PBXFileReference; lastKnownFileType = "sourcecode.text-based-dylib-definition"; name = libicucore.tbd; path = usr/lib/libicucore.tbd; sourceTree = SDKROOT; };
		9BA475871B9D34AA00D66F1E /* OggHelper.h */ = {isa = PBXFileReference; fileEncoding = 4; lastKnownFileType = sourcecode.c.h; name = OggHelper.h; path = ogg/OggHelper.h; sourceTree = "<group>"; };
		9BA475881B9D34AA00D66F1E /* OggHelper.m */ = {isa = PBXFileReference; fileEncoding = 4; lastKnownFileType = sourcecode.c.objc; name = OggHelper.m; path = ogg/OggHelper.m; sourceTree = "<group>"; };
		9BA4758B1B9D354E00D66F1E /* config_types.h */ = {isa = PBXFileReference; fileEncoding = 4; lastKnownFileType = sourcecode.c.h; name = config_types.h; path = ogg/config_types.h; sourceTree = "<group>"; };
		9BA4758C1B9D354E00D66F1E /* ogg.h */ = {isa = PBXFileReference; fileEncoding = 4; lastKnownFileType = sourcecode.c.h; name = ogg.h; path = ogg/ogg.h; sourceTree = "<group>"; };
		9BA4758D1B9D354E00D66F1E /* os_types.h */ = {isa = PBXFileReference; fileEncoding = 4; lastKnownFileType = sourcecode.c.h; name = os_types.h; path = ogg/os_types.h; sourceTree = "<group>"; };
		9BCAD8201CE6BF1200BE3B5F /* SRDelegateController.h */ = {isa = PBXFileReference; fileEncoding = 4; lastKnownFileType = sourcecode.c.h; path = SRDelegateController.h; sourceTree = "<group>"; };
		9BCAD8211CE6BF1200BE3B5F /* SRDelegateController.m */ = {isa = PBXFileReference; fileEncoding = 4; lastKnownFileType = sourcecode.c.objc; path = SRDelegateController.m; sourceTree = "<group>"; };
		9BCAD8231CE6BF1200BE3B5F /* SRIOConsumer.h */ = {isa = PBXFileReference; fileEncoding = 4; lastKnownFileType = sourcecode.c.h; path = SRIOConsumer.h; sourceTree = "<group>"; };
		9BCAD8241CE6BF1200BE3B5F /* SRIOConsumer.m */ = {isa = PBXFileReference; fileEncoding = 4; lastKnownFileType = sourcecode.c.objc; path = SRIOConsumer.m; sourceTree = "<group>"; };
		9BCAD8251CE6BF1200BE3B5F /* SRIOConsumerPool.h */ = {isa = PBXFileReference; fileEncoding = 4; lastKnownFileType = sourcecode.c.h; path = SRIOConsumerPool.h; sourceTree = "<group>"; };
		9BCAD8261CE6BF1200BE3B5F /* SRIOConsumerPool.m */ = {isa = PBXFileReference; fileEncoding = 4; lastKnownFileType = sourcecode.c.objc; path = SRIOConsumerPool.m; sourceTree = "<group>"; };
		9BCAD8281CE6BF1200BE3B5F /* SRRunLoopThread.h */ = {isa = PBXFileReference; fileEncoding = 4; lastKnownFileType = sourcecode.c.h; path = SRRunLoopThread.h; sourceTree = "<group>"; };
		9BCAD8291CE6BF1200BE3B5F /* SRRunLoopThread.m */ = {isa = PBXFileReference; fileEncoding = 4; lastKnownFileType = sourcecode.c.objc; path = SRRunLoopThread.m; sourceTree = "<group>"; };
		9BCAD82B1CE6BF1200BE3B5F /* SRError.h */ = {isa = PBXFileReference; fileEncoding = 4; lastKnownFileType = sourcecode.c.h; path = SRError.h; sourceTree = "<group>"; };
		9BCAD82C1CE6BF1200BE3B5F /* SRError.m */ = {isa = PBXFileReference; fileEncoding = 4; lastKnownFileType = sourcecode.c.objc; path = SRError.m; sourceTree = "<group>"; };
		9BCAD82D1CE6BF1200BE3B5F /* SRHash.h */ = {isa = PBXFileReference; fileEncoding = 4; lastKnownFileType = sourcecode.c.h; path = SRHash.h; sourceTree = "<group>"; };
		9BCAD82E1CE6BF1200BE3B5F /* SRHash.m */ = {isa = PBXFileReference; fileEncoding = 4; lastKnownFileType = sourcecode.c.objc; path = SRHash.m; sourceTree = "<group>"; };
		9BCAD82F1CE6BF1200BE3B5F /* SRURLUtilities.h */ = {isa = PBXFileReference; fileEncoding = 4; lastKnownFileType = sourcecode.c.h; path = SRURLUtilities.h; sourceTree = "<group>"; };
		9BCAD8301CE6BF1200BE3B5F /* SRURLUtilities.m */ = {isa = PBXFileReference; fileEncoding = 4; lastKnownFileType = sourcecode.c.objc; path = SRURLUtilities.m; sourceTree = "<group>"; };
		9BCAD8311CE6BF1200BE3B5F /* SocketRocket.h */ = {isa = PBXFileReference; fileEncoding = 4; lastKnownFileType = sourcecode.c.h; path = SocketRocket.h; sourceTree = "<group>"; };
		9BCAD8321CE6BF1200BE3B5F /* SRWebSocket.h */ = {isa = PBXFileReference; fileEncoding = 4; lastKnownFileType = sourcecode.c.h; path = SRWebSocket.h; sourceTree = "<group>"; };
		9BCAD8331CE6BF1200BE3B5F /* SRWebSocket.m */ = {isa = PBXFileReference; fileEncoding = 4; lastKnownFileType = sourcecode.c.objc; path = SRWebSocket.m; sourceTree = "<group>"; };
		9BF00C951CF5A10100624702 /* TTSCustomizationViewController.h */ = {isa = PBXFileReference; fileEncoding = 4; lastKnownFileType = sourcecode.c.h; path = TTSCustomizationViewController.h; sourceTree = "<group>"; };
		9BF00C961CF5A10100624702 /* TTSCustomizationViewController.m */ = {isa = PBXFileReference; fileEncoding = 4; lastKnownFileType = sourcecode.c.objc; path = TTSCustomizationViewController.m; sourceTree = "<group>"; };
		9BF00C9E1CF5A8DE00624702 /* Credentials.plist */ = {isa = PBXFileReference; fileEncoding = 4; lastKnownFileType = text.plist.xml; path = Credentials.plist; sourceTree = "<group>"; };
		9BF00CA21CF620E500624702 /* TTSCustomizationDetailViewController.h */ = {isa = PBXFileReference; fileEncoding = 4; lastKnownFileType = sourcecode.c.h; path = TTSCustomizationDetailViewController.h; sourceTree = "<group>"; };
		9BF00CA31CF620E500624702 /* TTSCustomizationDetailViewController.m */ = {isa = PBXFileReference; fileEncoding = 4; lastKnownFileType = sourcecode.c.objc; path = TTSCustomizationDetailViewController.m; sourceTree = "<group>"; };
		9BF43ECF1CEAC81900EC0185 /* Swift Sample.app */ = {isa = PBXFileReference; explicitFileType = wrapper.application; includeInIndex = 0; path = "Swift Sample.app"; sourceTree = BUILT_PRODUCTS_DIR; };
		9BF43ED11CEAC81900EC0185 /* AppDelegate.swift */ = {isa = PBXFileReference; lastKnownFileType = sourcecode.swift; path = AppDelegate.swift; sourceTree = "<group>"; };
		9BF43ED31CEAC81900EC0185 /* SwiftSTTViewController.swift */ = {isa = PBXFileReference; lastKnownFileType = sourcecode.swift; path = SwiftSTTViewController.swift; sourceTree = "<group>"; };
		9BF43ED61CEAC81900EC0185 /* Base */ = {isa = PBXFileReference; lastKnownFileType = file.storyboard; name = Base; path = Base.lproj/Main.storyboard; sourceTree = "<group>"; };
		9BF43ED81CEAC81900EC0185 /* Assets.xcassets */ = {isa = PBXFileReference; lastKnownFileType = folder.assetcatalog; path = Assets.xcassets; sourceTree = "<group>"; };
		9BF43EDD1CEAC81900EC0185 /* Info.plist */ = {isa = PBXFileReference; lastKnownFileType = text.plist.xml; path = Info.plist; sourceTree = "<group>"; };
		C11772081AFD191D00C8791A /* libogg.a */ = {isa = PBXFileReference; lastKnownFileType = archive.ar; path = libogg.a; sourceTree = "<group>"; };
		C11772131B029BEE00C8791A /* opus_header.h */ = {isa = PBXFileReference; fileEncoding = 4; lastKnownFileType = sourcecode.c.h; path = opus_header.h; sourceTree = "<group>"; };
		C117721D1B02A15000C8791A /* opus_header.c */ = {isa = PBXFileReference; fileEncoding = 4; lastKnownFileType = sourcecode.c.c; path = opus_header.c; sourceTree = "<group>"; };
		C11A645B1754D0E600385896 /* libwatsonsdk.a */ = {isa = PBXFileReference; explicitFileType = archive.ar; includeInIndex = 0; path = libwatsonsdk.a; sourceTree = BUILT_PRODUCTS_DIR; };
		C11A645E1754D0E600385896 /* Foundation.framework */ = {isa = PBXFileReference; lastKnownFileType = wrapper.framework; name = Foundation.framework; path = System/Library/Frameworks/Foundation.framework; sourceTree = SDKROOT; };
		C11A64621754D0E600385896 /* watsonsdk-Prefix.pch */ = {isa = PBXFileReference; lastKnownFileType = sourcecode.c.h; path = "watsonsdk-Prefix.pch"; sourceTree = "<group>"; };
		C11A64941754D98700385896 /* watsonsdk.bundle */ = {isa = PBXFileReference; explicitFileType = wrapper.cfbundle; includeInIndex = 0; path = watsonsdk.bundle; sourceTree = BUILT_PRODUCTS_DIR; };
		C11A64951754D98700385896 /* CoreFoundation.framework */ = {isa = PBXFileReference; lastKnownFileType = wrapper.framework; name = CoreFoundation.framework; path = System/Library/Frameworks/CoreFoundation.framework; sourceTree = SDKROOT; };
		C11A64991754D98700385896 /* watsonResources-Info.plist */ = {isa = PBXFileReference; lastKnownFileType = text.plist.xml; path = "watsonResources-Info.plist"; sourceTree = "<group>"; };
		C11A649B1754D98700385896 /* en */ = {isa = PBXFileReference; lastKnownFileType = text.plist.strings; name = en; path = en.lproj/InfoPlist.strings; sourceTree = "<group>"; };
		C11A649D1754D98700385896 /* watsonResources-Prefix.pch */ = {isa = PBXFileReference; lastKnownFileType = sourcecode.c.h; path = "watsonResources-Prefix.pch"; sourceTree = "<group>"; };
		C11A66DB1756098E00385896 /* AudioToolbox.framework */ = {isa = PBXFileReference; lastKnownFileType = wrapper.framework; name = AudioToolbox.framework; path = System/Library/Frameworks/AudioToolbox.framework; sourceTree = SDKROOT; };
		C11A66DD175609B500385896 /* CoreAudio.framework */ = {isa = PBXFileReference; lastKnownFileType = wrapper.framework; name = CoreAudio.framework; path = System/Library/Frameworks/CoreAudio.framework; sourceTree = SDKROOT; };
		C11A66DF17560A4E00385896 /* QuartzCore.framework */ = {isa = PBXFileReference; lastKnownFileType = wrapper.framework; name = QuartzCore.framework; path = System/Library/Frameworks/QuartzCore.framework; sourceTree = SDKROOT; };
		C11A66E117560AD900385896 /* CFNetwork.framework */ = {isa = PBXFileReference; lastKnownFileType = wrapper.framework; name = CFNetwork.framework; path = System/Library/Frameworks/CFNetwork.framework; sourceTree = SDKROOT; };
		C11B3EA11AF41A200062BF7D /* AVFoundation.framework */ = {isa = PBXFileReference; lastKnownFileType = wrapper.framework; name = AVFoundation.framework; path = System/Library/Frameworks/AVFoundation.framework; sourceTree = SDKROOT; };
		C11D9E791937C57200F2D614 /* beep.wav */ = {isa = PBXFileReference; lastKnownFileType = audio.wav; path = beep.wav; sourceTree = "<group>"; };
		C12352A619910606009A8F8B /* opus.h */ = {isa = PBXFileReference; fileEncoding = 4; lastKnownFileType = sourcecode.c.h; path = opus.h; sourceTree = "<group>"; };
		C12352A719910606009A8F8B /* opus_defines.h */ = {isa = PBXFileReference; fileEncoding = 4; lastKnownFileType = sourcecode.c.h; path = opus_defines.h; sourceTree = "<group>"; };
		C12352A819910606009A8F8B /* opus_multistream.h */ = {isa = PBXFileReference; fileEncoding = 4; lastKnownFileType = sourcecode.c.h; path = opus_multistream.h; sourceTree = "<group>"; };
		C12352A919910606009A8F8B /* opus_types.h */ = {isa = PBXFileReference; fileEncoding = 4; lastKnownFileType = sourcecode.c.h; path = opus_types.h; sourceTree = "<group>"; };
		C1235353199B53FF009A8F8B /* OpusHelper.h */ = {isa = PBXFileReference; fileEncoding = 4; lastKnownFileType = sourcecode.c.h; path = OpusHelper.h; sourceTree = "<group>"; };
		C1235354199B53FF009A8F8B /* OpusHelper.m */ = {isa = PBXFileReference; fileEncoding = 4; lastKnownFileType = sourcecode.c.objc; path = OpusHelper.m; sourceTree = "<group>"; };
		C165429B191A0D8500905DCC /* OC Sample.app */ = {isa = PBXFileReference; explicitFileType = wrapper.application; includeInIndex = 0; path = "OC Sample.app"; sourceTree = BUILT_PRODUCTS_DIR; };
		C165429D191A0D8500905DCC /* CoreGraphics.framework */ = {isa = PBXFileReference; lastKnownFileType = wrapper.framework; name = CoreGraphics.framework; path = System/Library/Frameworks/CoreGraphics.framework; sourceTree = SDKROOT; };
		C16542A2191A0D8500905DCC /* watsonsdktest-Info.plist */ = {isa = PBXFileReference; lastKnownFileType = text.plist.xml; path = "watsonsdktest-Info.plist"; sourceTree = "<group>"; };
		C16542A4191A0D8500905DCC /* en */ = {isa = PBXFileReference; lastKnownFileType = text.plist.strings; name = en; path = en.lproj/InfoPlist.strings; sourceTree = "<group>"; };
		C16542A6191A0D8500905DCC /* main.m */ = {isa = PBXFileReference; lastKnownFileType = sourcecode.c.objc; path = main.m; sourceTree = "<group>"; };
		C16542A8191A0D8500905DCC /* watsonsdktest-Prefix.pch */ = {isa = PBXFileReference; lastKnownFileType = sourcecode.c.h; path = "watsonsdktest-Prefix.pch"; sourceTree = "<group>"; };
		C16542A9191A0D8500905DCC /* AppDelegate.h */ = {isa = PBXFileReference; lastKnownFileType = sourcecode.c.h; path = AppDelegate.h; sourceTree = "<group>"; };
		C16542AA191A0D8500905DCC /* AppDelegate.m */ = {isa = PBXFileReference; lastKnownFileType = sourcecode.c.objc; path = AppDelegate.m; sourceTree = "<group>"; };
		C16542AD191A0D8500905DCC /* Base */ = {isa = PBXFileReference; lastKnownFileType = file.storyboard; name = Base; path = Base.lproj/Main.storyboard; sourceTree = "<group>"; };
		C16542B2191A0D8500905DCC /* STTViewController.h */ = {isa = PBXFileReference; lastKnownFileType = sourcecode.c.h; path = STTViewController.h; sourceTree = "<group>"; };
		C16542B3191A0D8500905DCC /* STTViewController.m */ = {isa = PBXFileReference; lastKnownFileType = sourcecode.c.objc; path = STTViewController.m; sourceTree = "<group>"; };
		C16542B5191A0D8500905DCC /* Images.xcassets */ = {isa = PBXFileReference; lastKnownFileType = folder.assetcatalog; path = Images.xcassets; sourceTree = "<group>"; };
		C17779621B9DBFAA0066269A /* TTSViewController.h */ = {isa = PBXFileReference; fileEncoding = 4; lastKnownFileType = sourcecode.c.h; path = TTSViewController.h; sourceTree = "<group>"; };
		C17779631B9DBFAA0066269A /* TTSViewController.m */ = {isa = PBXFileReference; fileEncoding = 4; lastKnownFileType = sourcecode.c.objc; path = TTSViewController.m; sourceTree = "<group>"; };
		C1B14B821AA0D3DC00864C53 /* libopus.a */ = {isa = PBXFileReference; lastKnownFileType = archive.ar; path = libopus.a; sourceTree = "<group>"; };
		C1D4580019A78BBB00093095 /* Security.framework */ = {isa = PBXFileReference; lastKnownFileType = wrapper.framework; name = Security.framework; path = System/Library/Frameworks/Security.framework; sourceTree = SDKROOT; };
/* End PBXFileReference section */

/* Begin PBXFrameworksBuildPhase section */
		9BF43ECC1CEAC81900EC0185 /* Frameworks */ = {
			isa = PBXFrameworksBuildPhase;
			buildActionMask = 2147483647;
			files = (
				9B375ABD1CEB194400A6F9D4 /* libicucore.tbd in Frameworks */,
				9BF43EE11CEAC82E00EC0185 /* libwatsonsdk.a in Frameworks */,
			);
			runOnlyForDeploymentPostprocessing = 0;
		};
		C11A64581754D0E600385896 /* Frameworks */ = {
			isa = PBXFrameworksBuildPhase;
			buildActionMask = 2147483647;
			files = (
				C11B3EA31AF41A320062BF7D /* AVFoundation.framework in Frameworks */,
				C1D4580519A78BE700093095 /* CFNetwork.framework in Frameworks */,
				C1D4580419A78BDF00093095 /* Security.framework in Frameworks */,
				C11772091AFD191D00C8791A /* libogg.a in Frameworks */,
				C1B14B831AA0D3DD00864C53 /* libopus.a in Frameworks */,
				C11A645F1754D0E600385896 /* Foundation.framework in Frameworks */,
			);
			runOnlyForDeploymentPostprocessing = 0;
		};
		C11A64911754D98700385896 /* Frameworks */ = {
			isa = PBXFrameworksBuildPhase;
			buildActionMask = 2147483647;
			files = (
				C11A64961754D98700385896 /* CoreFoundation.framework in Frameworks */,
			);
			runOnlyForDeploymentPostprocessing = 0;
		};
		C1654298191A0D8500905DCC /* Frameworks */ = {
			isa = PBXFrameworksBuildPhase;
			buildActionMask = 2147483647;
			files = (
				9BA060411CE6D9320018CA5B /* libicucore.tbd in Frameworks */,
				C11B3EA21AF41A200062BF7D /* AVFoundation.framework in Frameworks */,
				C1D4580219A78BC400093095 /* CFNetwork.framework in Frameworks */,
				C1D4580119A78BBB00093095 /* Security.framework in Frameworks */,
				C16542D4191A0FA100905DCC /* libwatsonsdk.a in Frameworks */,
				C165429E191A0D8500905DCC /* CoreGraphics.framework in Frameworks */,
				C165429C191A0D8500905DCC /* Foundation.framework in Frameworks */,
			);
			runOnlyForDeploymentPostprocessing = 0;
		};
/* End PBXFrameworksBuildPhase section */

/* Begin PBXGroup section */
		9B3669521CF3546C00806BEE /* tts */ = {
			isa = PBXGroup;
			children = (
				9B3669571CF3549400806BEE /* TextToSpeech.h */,
				9B3669581CF3549400806BEE /* TextToSpeech.m */,
				9B3669591CF3549400806BEE /* TTSConfiguration.h */,
				9B36695A1CF3549400806BEE /* TTSConfiguration.m */,
				9B3669531CF3546C00806BEE /* TTSCustomVoice.h */,
				9B3669541CF3546C00806BEE /* TTSCustomVoice.m */,
				9B1BCEE11CF69D440076FE2D /* TTSCustomWord.h */,
				9B1BCEE21CF69D440076FE2D /* TTSCustomWord.m */,
			);
			path = tts;
			sourceTree = "<group>";
		};
		9B36695F1CF354B800806BEE /* stt */ = {
			isa = PBXGroup;
			children = (
				9B3669601CF354B800806BEE /* SpeechToText.h */,
				9B3669611CF354B800806BEE /* SpeechToText.m */,
				9B3669621CF354B800806BEE /* STTConfiguration.h */,
				9B3669631CF354B800806BEE /* STTConfiguration.m */,
			);
			path = stt;
			sourceTree = "<group>";
		};
		9BCAD7C51CE5BC8B00BE3B5F /* websocket */ = {
			isa = PBXGroup;
			children = (
				9BCAD81E1CE6BF1200BE3B5F /* Internal */,
				9BCAD8311CE6BF1200BE3B5F /* SocketRocket.h */,
				9BCAD8321CE6BF1200BE3B5F /* SRWebSocket.h */,
				9BCAD8331CE6BF1200BE3B5F /* SRWebSocket.m */,
				9B36693D1CF21A5400806BEE /* WebSocketAudioStreamer.h */,
				9B36693E1CF21A5400806BEE /* WebSocketAudioStreamer.m */,
			);
			path = websocket;
			sourceTree = "<group>";
		};
		9BCAD81E1CE6BF1200BE3B5F /* Internal */ = {
			isa = PBXGroup;
			children = (
				9BCAD81F1CE6BF1200BE3B5F /* Delegate */,
				9BCAD8221CE6BF1200BE3B5F /* IOConsumer */,
				9BCAD8271CE6BF1200BE3B5F /* RunLoop */,
				9BCAD82A1CE6BF1200BE3B5F /* Utilities */,
			);
			path = Internal;
			sourceTree = "<group>";
		};
		9BCAD81F1CE6BF1200BE3B5F /* Delegate */ = {
			isa = PBXGroup;
			children = (
				9BCAD8201CE6BF1200BE3B5F /* SRDelegateController.h */,
				9BCAD8211CE6BF1200BE3B5F /* SRDelegateController.m */,
			);
			path = Delegate;
			sourceTree = "<group>";
		};
		9BCAD8221CE6BF1200BE3B5F /* IOConsumer */ = {
			isa = PBXGroup;
			children = (
				9BCAD8231CE6BF1200BE3B5F /* SRIOConsumer.h */,
				9BCAD8241CE6BF1200BE3B5F /* SRIOConsumer.m */,
				9BCAD8251CE6BF1200BE3B5F /* SRIOConsumerPool.h */,
				9BCAD8261CE6BF1200BE3B5F /* SRIOConsumerPool.m */,
			);
			path = IOConsumer;
			sourceTree = "<group>";
		};
		9BCAD8271CE6BF1200BE3B5F /* RunLoop */ = {
			isa = PBXGroup;
			children = (
				9BCAD8281CE6BF1200BE3B5F /* SRRunLoopThread.h */,
				9BCAD8291CE6BF1200BE3B5F /* SRRunLoopThread.m */,
			);
			path = RunLoop;
			sourceTree = "<group>";
		};
		9BCAD82A1CE6BF1200BE3B5F /* Utilities */ = {
			isa = PBXGroup;
			children = (
				9BCAD82B1CE6BF1200BE3B5F /* SRError.h */,
				9BCAD82C1CE6BF1200BE3B5F /* SRError.m */,
				9BCAD82D1CE6BF1200BE3B5F /* SRHash.h */,
				9BCAD82E1CE6BF1200BE3B5F /* SRHash.m */,
				9BCAD82F1CE6BF1200BE3B5F /* SRURLUtilities.h */,
				9BCAD8301CE6BF1200BE3B5F /* SRURLUtilities.m */,
			);
			path = Utilities;
			sourceTree = "<group>";
		};
		9BF43ED01CEAC81900EC0185 /* watsonsdktest-swift */ = {
			isa = PBXGroup;
			children = (
				9BF43ED11CEAC81900EC0185 /* AppDelegate.swift */,
				9BF43ED31CEAC81900EC0185 /* SwiftSTTViewController.swift */,
				9B375ABA1CEB0C2500A6F9D4 /* SwiftTTSViewController.swift */,
				9BF43ED51CEAC81900EC0185 /* Main.storyboard */,
				9BF43ED81CEAC81900EC0185 /* Assets.xcassets */,
				9BF43EDD1CEAC81900EC0185 /* Info.plist */,
				9B375ABC1CEB184200A6F9D4 /* SwiftSpeechHeader.h */,
				9B47E7431CEF5B4A003E0860 /* LaunchScreen.storyboard */,
			);
			path = "watsonsdktest-swift";
			sourceTree = "<group>";
		};
		C11772101AFD193B00C8791A /* ogg */ = {
			isa = PBXGroup;
			children = (
				9BA4758B1B9D354E00D66F1E /* config_types.h */,
				9BA4758C1B9D354E00D66F1E /* ogg.h */,
				9BA4758D1B9D354E00D66F1E /* os_types.h */,
				9BA475871B9D34AA00D66F1E /* OggHelper.h */,
				9BA475881B9D34AA00D66F1E /* OggHelper.m */,
			);
			name = ogg;
			sourceTree = "<group>";
		};
		C11A64521754D0E600385896 = {
			isa = PBXGroup;
			children = (
				C11A64601754D0E600385896 /* watsonsdk */,
				C11A64971754D98700385896 /* watsonResources */,
				C16542A0191A0D8500905DCC /* watsonsdktest-objective-c */,
				9BF43ED01CEAC81900EC0185 /* watsonsdktest-swift */,
				C11A645D1754D0E600385896 /* Frameworks */,
				C11A645C1754D0E600385896 /* Products */,
			);
			sourceTree = "<group>";
		};
		C11A645C1754D0E600385896 /* Products */ = {
			isa = PBXGroup;
			children = (
				C11A645B1754D0E600385896 /* libwatsonsdk.a */,
				C11A64941754D98700385896 /* watsonsdk.bundle */,
				C165429B191A0D8500905DCC /* OC Sample.app */,
				9BF43ECF1CEAC81900EC0185 /* Swift Sample.app */,
			);
			name = Products;
			sourceTree = "<group>";
		};
		C11A645D1754D0E600385896 /* Frameworks */ = {
			isa = PBXGroup;
			children = (
				9BA060401CE6D9320018CA5B /* libicucore.tbd */,
				C11A66E117560AD900385896 /* CFNetwork.framework */,
				C11A66DF17560A4E00385896 /* QuartzCore.framework */,
				C11A66DD175609B500385896 /* CoreAudio.framework */,
				C11A66DB1756098E00385896 /* AudioToolbox.framework */,
				C11B3EA11AF41A200062BF7D /* AVFoundation.framework */,
				C1D4580019A78BBB00093095 /* Security.framework */,
				C11A645E1754D0E600385896 /* Foundation.framework */,
				C11A64951754D98700385896 /* CoreFoundation.framework */,
				C165429D191A0D8500905DCC /* CoreGraphics.framework */,
			);
			name = Frameworks;
			sourceTree = "<group>";
		};
		C11A64601754D0E600385896 /* watsonsdk */ = {
			isa = PBXGroup;
			children = (
				9B36695F1CF354B800806BEE /* stt */,
				9B3669521CF3546C00806BEE /* tts */,
				C11772101AFD193B00C8791A /* ogg */,
				C12352A519910606009A8F8B /* opus */,
				C1416C33194B49520009C49A /* libs */,
				9BCAD7C51CE5BC8B00BE3B5F /* websocket */,
				7EFE11E21B71D07D00EF10BF /* AuthConfiguration.h */,
				7EFE11E31B71D07D00EF10BF /* AuthConfiguration.m */,
				9B47E7561CF21645003E0860 /* SpeechUtility.h */,
				9B47E7571CF21645003E0860 /* SpeechUtility.m */,
				C11A64611754D0E600385896 /* Supporting Files */,
			);
			path = watsonsdk;
			sourceTree = "<group>";
		};
		C11A64611754D0E600385896 /* Supporting Files */ = {
			isa = PBXGroup;
			children = (
				C11A64621754D0E600385896 /* watsonsdk-Prefix.pch */,
			);
			name = "Supporting Files";
			sourceTree = "<group>";
		};
		C11A64971754D98700385896 /* watsonResources */ = {
			isa = PBXGroup;
			children = (
				C11D9E791937C57200F2D614 /* beep.wav */,
				C11A64981754D98700385896 /* Supporting Files */,
			);
			path = watsonResources;
			sourceTree = "<group>";
		};
		C11A64981754D98700385896 /* Supporting Files */ = {
			isa = PBXGroup;
			children = (
				9BF00C9E1CF5A8DE00624702 /* Credentials.plist */,
				C11A64991754D98700385896 /* watsonResources-Info.plist */,
				C11A649A1754D98700385896 /* InfoPlist.strings */,
				C11A649D1754D98700385896 /* watsonResources-Prefix.pch */,
			);
			name = "Supporting Files";
			sourceTree = "<group>";
		};
		C12352A519910606009A8F8B /* opus */ = {
			isa = PBXGroup;
			children = (
				C11772131B029BEE00C8791A /* opus_header.h */,
				C117721D1B02A15000C8791A /* opus_header.c */,
				C12352A619910606009A8F8B /* opus.h */,
				C12352A719910606009A8F8B /* opus_defines.h */,
				C12352A819910606009A8F8B /* opus_multistream.h */,
				C12352A919910606009A8F8B /* opus_types.h */,
				C1235353199B53FF009A8F8B /* OpusHelper.h */,
				C1235354199B53FF009A8F8B /* OpusHelper.m */,
			);
			path = opus;
			sourceTree = "<group>";
		};
		C1416C33194B49520009C49A /* libs */ = {
			isa = PBXGroup;
			children = (
				C11772081AFD191D00C8791A /* libogg.a */,
				C1B14B821AA0D3DC00864C53 /* libopus.a */,
			);
			name = libs;
			path = lib;
			sourceTree = "<group>";
		};
		C16542A0191A0D8500905DCC /* watsonsdktest-objective-c */ = {
			isa = PBXGroup;
			children = (
				C16542A9191A0D8500905DCC /* AppDelegate.h */,
				C16542AA191A0D8500905DCC /* AppDelegate.m */,
				C16542B2191A0D8500905DCC /* STTViewController.h */,
				C16542B3191A0D8500905DCC /* STTViewController.m */,
				C17779621B9DBFAA0066269A /* TTSViewController.h */,
				C17779631B9DBFAA0066269A /* TTSViewController.m */,
				9BF00C951CF5A10100624702 /* TTSCustomizationViewController.h */,
				9BF00C961CF5A10100624702 /* TTSCustomizationViewController.m */,
				9BF00CA21CF620E500624702 /* TTSCustomizationDetailViewController.h */,
				9BF00CA31CF620E500624702 /* TTSCustomizationDetailViewController.m */,
				9B1BCEF21CF704C10076FE2D /* TTSCustomizationDetailTableViewCell.h */,
				9B1BCEF31CF704C10076FE2D /* TTSCustomizationDetailTableViewCell.m */,
				C16542AC191A0D8500905DCC /* Main.storyboard */,
				9B47E7461CEF5B77003E0860 /* LaunchScreen.storyboard */,
				C16542B5191A0D8500905DCC /* Images.xcassets */,
				C16542A1191A0D8500905DCC /* Supporting Files */,
			);
			path = "watsonsdktest-objective-c";
			sourceTree = "<group>";
		};
		C16542A1191A0D8500905DCC /* Supporting Files */ = {
			isa = PBXGroup;
			children = (
				C16542A2191A0D8500905DCC /* watsonsdktest-Info.plist */,
				C16542A3191A0D8500905DCC /* InfoPlist.strings */,
				C16542A6191A0D8500905DCC /* main.m */,
				C16542A8191A0D8500905DCC /* watsonsdktest-Prefix.pch */,
			);
			name = "Supporting Files";
			sourceTree = "<group>";
		};
/* End PBXGroup section */

/* Begin PBXHeadersBuildPhase section */
		C11A64861754D17900385896 /* Headers */ = {
			isa = PBXHeadersBuildPhase;
			buildActionMask = 2147483647;
			files = (
				7EFE11E41B71D07D00EF10BF /* AuthConfiguration.h in Headers */,
				9B36695D1CF3549400806BEE /* TTSConfiguration.h in Headers */,
				9B1BCEEB1CF6CAAD0076FE2D /* STTConfiguration.m in Headers */,
				9BCAD8361CE6BF1200BE3B5F /* SRIOConsumer.h in Headers */,
				9BCAD8421CE6BF1200BE3B5F /* SocketRocket.h in Headers */,
				C11772141B029BEE00C8791A /* opus_header.h in Headers */,
				C1235355199B53FF009A8F8B /* OpusHelper.h in Headers */,
				9B47E7581CF21645003E0860 /* SpeechUtility.h in Headers */,
				9B36695B1CF3549400806BEE /* TextToSpeech.h in Headers */,
				9B3669641CF354B800806BEE /* SpeechToText.h in Headers */,
				9B3669661CF354B800806BEE /* STTConfiguration.h in Headers */,
				9B1BCEE31CF69D440076FE2D /* TTSCustomWord.h in Headers */,
				9B3669551CF3546C00806BEE /* TTSCustomVoice.h in Headers */,
				9B36693F1CF21A5400806BEE /* WebSocketAudioStreamer.h in Headers */,
				9BCAD83C1CE6BF1200BE3B5F /* SRError.h in Headers */,
				9BA4758F1B9D354E00D66F1E /* ogg.h in Headers */,
				9BA475891B9D34AA00D66F1E /* OggHelper.h in Headers */,
				9BA475901B9D354E00D66F1E /* os_types.h in Headers */,
				9BCAD8381CE6BF1200BE3B5F /* SRIOConsumerPool.h in Headers */,
				9BCAD8431CE6BF1200BE3B5F /* SRWebSocket.h in Headers */,
				9BCAD8341CE6BF1200BE3B5F /* SRDelegateController.h in Headers */,
				9BCAD83A1CE6BF1200BE3B5F /* SRRunLoopThread.h in Headers */,
				9BA4758E1B9D354E00D66F1E /* config_types.h in Headers */,
				9BCAD8401CE6BF1200BE3B5F /* SRURLUtilities.h in Headers */,
				9BCAD83E1CE6BF1200BE3B5F /* SRHash.h in Headers */,
			);
			runOnlyForDeploymentPostprocessing = 0;
		};
/* End PBXHeadersBuildPhase section */

/* Begin PBXNativeTarget section */
		9BF43ECE1CEAC81900EC0185 /* Swift Sample */ = {
			isa = PBXNativeTarget;
			buildConfigurationList = 9BF43EDE1CEAC81900EC0185 /* Build configuration list for PBXNativeTarget "Swift Sample" */;
			buildPhases = (
				9BF43ECB1CEAC81900EC0185 /* Sources */,
				9BF43ECC1CEAC81900EC0185 /* Frameworks */,
				9BF43ECD1CEAC81900EC0185 /* Resources */,
			);
			buildRules = (
			);
			dependencies = (
			);
			name = "Swift Sample";
			productName = "watsonsdktest-swift";
			productReference = 9BF43ECF1CEAC81900EC0185 /* Swift Sample.app */;
			productType = "com.apple.product-type.application";
		};
		C11A645A1754D0E600385896 /* watsonsdk */ = {
			isa = PBXNativeTarget;
			buildConfigurationList = C11A64801754D0E700385896 /* Build configuration list for PBXNativeTarget "watsonsdk" */;
			buildPhases = (
				C11A64571754D0E600385896 /* Sources */,
				C11A64581754D0E600385896 /* Frameworks */,
				C11A64591754D0E600385896 /* CopyFiles */,
				C11A64861754D17900385896 /* Headers */,
				C11A64881754D5F900385896 /* ShellScript */,
			);
			buildRules = (
			);
			dependencies = (
				C11D9E7D1937D8B900F2D614 /* PBXTargetDependency */,
			);
			name = watsonsdk;
			productName = watsonsdk;
			productReference = C11A645B1754D0E600385896 /* libwatsonsdk.a */;
			productType = "com.apple.product-type.library.static";
		};
		C11A64931754D98700385896 /* watsonResources */ = {
			isa = PBXNativeTarget;
			buildConfigurationList = C11A649E1754D98700385896 /* Build configuration list for PBXNativeTarget "watsonResources" */;
			buildPhases = (
				C11A64901754D98700385896 /* Sources */,
				C11A64911754D98700385896 /* Frameworks */,
				C11A64921754D98700385896 /* Resources */,
			);
			buildRules = (
			);
			dependencies = (
			);
			name = watsonResources;
			productName = watsonResources;
			productReference = C11A64941754D98700385896 /* watsonsdk.bundle */;
			productType = "com.apple.product-type.bundle";
		};
		C165429A191A0D8500905DCC /* OC Sample */ = {
			isa = PBXNativeTarget;
			buildConfigurationList = C16542CE191A0D8500905DCC /* Build configuration list for PBXNativeTarget "OC Sample" */;
			buildPhases = (
				C1654297191A0D8500905DCC /* Sources */,
				C1654298191A0D8500905DCC /* Frameworks */,
				C1654299191A0D8500905DCC /* Resources */,
			);
			buildRules = (
			);
			dependencies = (
			);
			name = "OC Sample";
			productName = "watsonsdktest-objective-c";
			productReference = C165429B191A0D8500905DCC /* OC Sample.app */;
			productType = "com.apple.product-type.application";
		};
/* End PBXNativeTarget section */

/* Begin PBXProject section */
		C11A64531754D0E600385896 /* Project object */ = {
			isa = PBXProject;
			attributes = {
				LastSwiftUpdateCheck = 0720;
				LastTestingUpgradeCheck = 0630;
				LastUpgradeCheck = 0630;
				ORGANIZATIONNAME = IBM;
				TargetAttributes = {
					9BF43ECE1CEAC81900EC0185 = {
						CreatedOnToolsVersion = 7.2;
					};
				};
			};
			buildConfigurationList = C11A64561754D0E600385896 /* Build configuration list for PBXProject "watsonsdk" */;
			compatibilityVersion = "Xcode 3.2";
			developmentRegion = English;
			hasScannedForEncodings = 0;
			knownRegions = (
				en,
				Base,
			);
			mainGroup = C11A64521754D0E600385896;
			productRefGroup = C11A645C1754D0E600385896 /* Products */;
			projectDirPath = "";
			projectRoot = "";
			targets = (
				C11A645A1754D0E600385896 /* watsonsdk */,
				C11A64891754D6AB00385896 /* Framework */,
				C11A64931754D98700385896 /* watsonResources */,
				C165429A191A0D8500905DCC /* OC Sample */,
				9BF43ECE1CEAC81900EC0185 /* Swift Sample */,
			);
		};
/* End PBXProject section */

/* Begin PBXResourcesBuildPhase section */
		9BF43ECD1CEAC81900EC0185 /* Resources */ = {
			isa = PBXResourcesBuildPhase;
			buildActionMask = 2147483647;
			files = (
				9B47E7451CEF5B4A003E0860 /* LaunchScreen.storyboard in Resources */,
				9BF00CA11CF5AB8100624702 /* Credentials.plist in Resources */,
				9BF43ED91CEAC81900EC0185 /* Assets.xcassets in Resources */,
				9BF43ED71CEAC81900EC0185 /* Main.storyboard in Resources */,
			);
			runOnlyForDeploymentPostprocessing = 0;
		};
		C11A64921754D98700385896 /* Resources */ = {
			isa = PBXResourcesBuildPhase;
			buildActionMask = 2147483647;
			files = (
				C11D9E7A1937C57200F2D614 /* beep.wav in Resources */,
				C11A649C1754D98700385896 /* InfoPlist.strings in Resources */,
			);
			runOnlyForDeploymentPostprocessing = 0;
		};
		C1654299191A0D8500905DCC /* Resources */ = {
			isa = PBXResourcesBuildPhase;
			buildActionMask = 2147483647;
			files = (
				C16542B6191A0D8500905DCC /* Images.xcassets in Resources */,
				9B47E7481CEF5B77003E0860 /* LaunchScreen.storyboard in Resources */,
				9BF00CA01CF5AB7F00624702 /* Credentials.plist in Resources */,
				C16542AE191A0D8500905DCC /* Main.storyboard in Resources */,
				C16542A5191A0D8500905DCC /* InfoPlist.strings in Resources */,
			);
			runOnlyForDeploymentPostprocessing = 0;
		};
/* End PBXResourcesBuildPhase section */

/* Begin PBXShellScriptBuildPhase section */
		C11A64881754D5F900385896 /* ShellScript */ = {
			isa = PBXShellScriptBuildPhase;
			buildActionMask = 2147483647;
			files = (
			);
			inputPaths = (
			);
			outputPaths = (
			);
			runOnlyForDeploymentPostprocessing = 0;
			shellPath = /bin/sh;
			shellScript = "set -e\n\nmkdir -p \"${BUILT_PRODUCTS_DIR}/${PRODUCT_NAME}.framework/Versions/A/Headers\"\n\n# Link the \"Current\" version to \"A\"\n/bin/ln -sfh A \"${BUILT_PRODUCTS_DIR}/${PRODUCT_NAME}.framework/Versions/Current\"\n/bin/ln -sfh Versions/Current/Headers \"${BUILT_PRODUCTS_DIR}/${PRODUCT_NAME}.framework/Headers\"\n/bin/ln -sfh \"Versions/Current/${PRODUCT_NAME}\" \"${BUILT_PRODUCTS_DIR}/${PRODUCT_NAME}.framework/${PRODUCT_NAME}\"\n\n# The -a ensures that the headers maintain the source modification date so that we don't constantly\n# cause propagating rebuilds of files that import these headers.\n/bin/cp -a \"${TARGET_BUILD_DIR}/${PUBLIC_HEADERS_FOLDER_PATH}/\" \"${BUILT_PRODUCTS_DIR}/${PRODUCT_NAME}.framework/Versions/A/Headers\"\necho \"${TARGET_BUILD_DIR}/${PUBLIC_HEADERS_FOLDER_PATH}/\" \"${BUILT_PRODUCTS_DIR}/${PRODUCT_NAME}.framework/\" > ~/watsonsdklocation.txt\n\n# create a zip of the framework and add it to the project root\ncd ${BUILT_PRODUCTS_DIR}\nzip -r ${SRCROOT}/${PRODUCT_NAME}.framework.zip ${PRODUCT_NAME}.framework\n\n# [Rob] we need to copy the other headers keeping their folder structure\n#echo 'SRCROOT:'${SRCROOT}\n#cd ${SRCROOT}/watsonsdk\n\n# I have to move up a directory due to my layout.\n# echo 'Copying Headers into Framework..'\n#for H in `find ./ -name \"*.h\"`;  do\n#echo ${H}\n#ditto ${H} ${BUILT_PRODUCTS_DIR}/${PRODUCT_NAME}.framework/Versions/A/Headers/${H}\n#done\n";
		};
		C11A648F1754D6DA00385896 /* ShellScript */ = {
			isa = PBXShellScriptBuildPhase;
			buildActionMask = 2147483647;
			files = (
			);
			inputPaths = (
			);
			outputPaths = (
			);
			runOnlyForDeploymentPostprocessing = 0;
			shellPath = /bin/sh;
			shellScript = "set -e\nset +u\n# Avoid recursively calling this script.\nif [[ $SF_MASTER_SCRIPT_RUNNING ]]\nthen\nexit 0\nfi\nset -u\nexport SF_MASTER_SCRIPT_RUNNING=1\n\nSF_TARGET_NAME=${PROJECT_NAME}\nSF_EXECUTABLE_PATH=\"lib${SF_TARGET_NAME}.a\"\nSF_WRAPPER_NAME=\"${SF_TARGET_NAME}.framework\"\n\n# The following conditionals come from\n# https://github.com/kstenerud/iOS-Universal-Framework\n\nif [[ \"$SDK_NAME\" =~ ([A-Za-z]+) ]]\nthen\nSF_SDK_PLATFORM=${BASH_REMATCH[1]}\nelse\necho \"Could not find platform name from SDK_NAME: $SDK_NAME\"\nexit 1\nfi\n\nif [[ \"$SDK_NAME\" =~ ([0-9]+.*$) ]]\nthen\nSF_SDK_VERSION=${BASH_REMATCH[1]}\nelse\necho \"Could not find sdk version from SDK_NAME: $SDK_NAME\"\nexit 1\nfi\n\nif [[ \"$SF_SDK_PLATFORM\" = \"iphoneos\" ]]\nthen\nSF_OTHER_PLATFORM=iphonesimulator\nelse\nSF_OTHER_PLATFORM=iphoneos\nfi\n\nif [[ \"$BUILT_PRODUCTS_DIR\" =~ (.*)$SF_SDK_PLATFORM$ ]]\nthen\nSF_OTHER_BUILT_PRODUCTS_DIR=\"${BASH_REMATCH[1]}${SF_OTHER_PLATFORM}\"\nelse\necho \"Could not find platform name from build products directory: $BUILT_PRODUCTS_DIR\"\nexit 1\nfi\n\n# Build the other platform.\nxcodebuild -project \"${PROJECT_FILE_PATH}\" -target \"${TARGET_NAME}\" -configuration \"${CONFIGURATION}\" -sdk ${SF_OTHER_PLATFORM}${SF_SDK_VERSION} BUILD_DIR=\"${BUILD_DIR}\" OBJROOT=\"${OBJROOT}\" BUILD_ROOT=\"${BUILD_ROOT}\" SYMROOT=\"${SYMROOT}\" $ACTION\n\n# Smash the two static libraries into one fat binary and store it in the .framework\nlipo -create \"${BUILT_PRODUCTS_DIR}/${SF_EXECUTABLE_PATH}\" \"${SF_OTHER_BUILT_PRODUCTS_DIR}/${SF_EXECUTABLE_PATH}\" -output \"${BUILT_PRODUCTS_DIR}/${SF_WRAPPER_NAME}/Versions/A/${SF_TARGET_NAME}\"\n\n# Copy the binary to the other architecture folder to have a complete framework in both.\ncp -a \"${BUILT_PRODUCTS_DIR}/${SF_WRAPPER_NAME}/Versions/A/${SF_TARGET_NAME}\" \"${SF_OTHER_BUILT_PRODUCTS_DIR}/${SF_WRAPPER_NAME}/Versions/A/${SF_TARGET_NAME}\"\n\necho done\n";
		};
/* End PBXShellScriptBuildPhase section */

/* Begin PBXSourcesBuildPhase section */
		9BF43ECB1CEAC81900EC0185 /* Sources */ = {
			isa = PBXSourcesBuildPhase;
			buildActionMask = 2147483647;
			files = (
				9BF43ED41CEAC81900EC0185 /* SwiftSTTViewController.swift in Sources */,
				9B375ABB1CEB0C2500A6F9D4 /* SwiftTTSViewController.swift in Sources */,
				9BF43ED21CEAC81900EC0185 /* AppDelegate.swift in Sources */,
			);
			runOnlyForDeploymentPostprocessing = 0;
		};
		C11A64571754D0E600385896 /* Sources */ = {
			isa = PBXSourcesBuildPhase;
			buildActionMask = 2147483647;
			files = (
				7EFE11E51B71D07D00EF10BF /* AuthConfiguration.m in Sources */,
				9BCAD8351CE6BF1200BE3B5F /* SRDelegateController.m in Sources */,
				9B47E7591CF21645003E0860 /* SpeechUtility.m in Sources */,
				C117721E1B02A15000C8791A /* opus_header.c in Sources */,
				9BCAD8441CE6BF1200BE3B5F /* SRWebSocket.m in Sources */,
				9B3669671CF354B800806BEE /* STTConfiguration.m in Sources */,
				9B3669651CF354B800806BEE /* SpeechToText.m in Sources */,
				9BCAD8391CE6BF1200BE3B5F /* SRIOConsumerPool.m in Sources */,
				9BCAD83D1CE6BF1200BE3B5F /* SRError.m in Sources */,
				9B36695E1CF3549400806BEE /* TTSConfiguration.m in Sources */,
				9BCAD8371CE6BF1200BE3B5F /* SRIOConsumer.m in Sources */,
				9B1BCEE41CF69D440076FE2D /* TTSCustomWord.m in Sources */,
				9BCAD83B1CE6BF1200BE3B5F /* SRRunLoopThread.m in Sources */,
				9B3669561CF3546C00806BEE /* TTSCustomVoice.m in Sources */,
				9BA4758A1B9D34AA00D66F1E /* OggHelper.m in Sources */,
				9B36695C1CF3549400806BEE /* TextToSpeech.m in Sources */,
				C1235356199B53FF009A8F8B /* OpusHelper.m in Sources */,
				9BCAD83F1CE6BF1200BE3B5F /* SRHash.m in Sources */,
				9B3669401CF21A5400806BEE /* WebSocketAudioStreamer.m in Sources */,
				9BCAD8411CE6BF1200BE3B5F /* SRURLUtilities.m in Sources */,
			);
			runOnlyForDeploymentPostprocessing = 0;
		};
		C11A64901754D98700385896 /* Sources */ = {
			isa = PBXSourcesBuildPhase;
			buildActionMask = 2147483647;
			files = (
			);
			runOnlyForDeploymentPostprocessing = 0;
		};
		C1654297191A0D8500905DCC /* Sources */ = {
			isa = PBXSourcesBuildPhase;
			buildActionMask = 2147483647;
			files = (
				9BF00CA71CF6268000624702 /* TTSCustomizationDetailViewController.m in Sources */,
				9BF00C9A1CF5A2BD00624702 /* TTSCustomizationViewController.m in Sources */,
				C17779641B9DBFAA0066269A /* TTSViewController.m in Sources */,
				C16542B4191A0D8500905DCC /* STTViewController.m in Sources */,
				C16542AB191A0D8500905DCC /* AppDelegate.m in Sources */,
				C16542A7191A0D8500905DCC /* main.m in Sources */,
				9B1BCEF41CF704C10076FE2D /* TTSCustomizationDetailTableViewCell.m in Sources */,
			);
			runOnlyForDeploymentPostprocessing = 0;
		};
/* End PBXSourcesBuildPhase section */

/* Begin PBXTargetDependency section */
		C11A648E1754D6B300385896 /* PBXTargetDependency */ = {
			isa = PBXTargetDependency;
			target = C11A645A1754D0E600385896 /* watsonsdk */;
			targetProxy = C11A648D1754D6B300385896 /* PBXContainerItemProxy */;
		};
		C11A64A21754DA2D00385896 /* PBXTargetDependency */ = {
			isa = PBXTargetDependency;
			target = C11A64931754D98700385896 /* watsonResources */;
			targetProxy = C11A64A11754DA2D00385896 /* PBXContainerItemProxy */;
		};
		C11D9E7D1937D8B900F2D614 /* PBXTargetDependency */ = {
			isa = PBXTargetDependency;
			target = C11A64931754D98700385896 /* watsonResources */;
			targetProxy = C11D9E7C1937D8B900F2D614 /* PBXContainerItemProxy */;
		};
/* End PBXTargetDependency section */

/* Begin PBXVariantGroup section */
		9B47E7431CEF5B4A003E0860 /* LaunchScreen.storyboard */ = {
			isa = PBXVariantGroup;
			children = (
				9B47E7441CEF5B4A003E0860 /* Base */,
			);
			name = LaunchScreen.storyboard;
			sourceTree = "<group>";
		};
		9B47E7461CEF5B77003E0860 /* LaunchScreen.storyboard */ = {
			isa = PBXVariantGroup;
			children = (
				9B47E7471CEF5B77003E0860 /* Base */,
			);
			name = LaunchScreen.storyboard;
			sourceTree = "<group>";
		};
		9BF43ED51CEAC81900EC0185 /* Main.storyboard */ = {
			isa = PBXVariantGroup;
			children = (
				9BF43ED61CEAC81900EC0185 /* Base */,
			);
			name = Main.storyboard;
			sourceTree = "<group>";
		};
		C11A649A1754D98700385896 /* InfoPlist.strings */ = {
			isa = PBXVariantGroup;
			children = (
				C11A649B1754D98700385896 /* en */,
			);
			name = InfoPlist.strings;
			sourceTree = "<group>";
		};
		C16542A3191A0D8500905DCC /* InfoPlist.strings */ = {
			isa = PBXVariantGroup;
			children = (
				C16542A4191A0D8500905DCC /* en */,
			);
			name = InfoPlist.strings;
			sourceTree = "<group>";
		};
		C16542AC191A0D8500905DCC /* Main.storyboard */ = {
			isa = PBXVariantGroup;
			children = (
				C16542AD191A0D8500905DCC /* Base */,
			);
			name = Main.storyboard;
			sourceTree = "<group>";
		};
/* End PBXVariantGroup section */

/* Begin XCBuildConfiguration section */
		9BF43EDF1CEAC81900EC0185 /* Debug */ = {
			isa = XCBuildConfiguration;
			buildSettings = {
				ASSETCATALOG_COMPILER_APPICON_NAME = AppIcon;
				CLANG_ENABLE_MODULES = YES;
				CLANG_WARN_BOOL_CONVERSION = YES;
				CLANG_WARN_DIRECT_OBJC_ISA_USAGE = YES_ERROR;
				CLANG_WARN_OBJC_ROOT_CLASS = YES_ERROR;
				CLANG_WARN_UNREACHABLE_CODE = YES;
				"CODE_SIGN_IDENTITY[sdk=iphoneos*]" = "iPhone Developer";
				DEBUG_INFORMATION_FORMAT = dwarf;
				ENABLE_STRICT_OBJC_MSGSEND = YES;
				ENABLE_TESTABILITY = YES;
				GCC_NO_COMMON_BLOCKS = YES;
				GCC_WARN_64_TO_32_BIT_CONVERSION = YES;
				GCC_WARN_ABOUT_RETURN_TYPE = YES_ERROR;
				GCC_WARN_UNDECLARED_SELECTOR = YES;
				GCC_WARN_UNINITIALIZED_AUTOS = YES_AGGRESSIVE;
				GCC_WARN_UNUSED_FUNCTION = YES;
				INFOPLIST_FILE = "watsonsdktest-swift/Info.plist";
				IPHONEOS_DEPLOYMENT_TARGET = 8.4;
				LD_RUNPATH_SEARCH_PATHS = "$(inherited) @executable_path/Frameworks";
				MTL_ENABLE_DEBUG_INFO = YES;
				PRODUCT_BUNDLE_IDENTIFIER = com.ibm.cio.watsonsdk.swift;
				PRODUCT_NAME = "$(TARGET_NAME)";
				SWIFT_OBJC_BRIDGING_HEADER = "watsonsdktest-swift/SwiftSpeechHeader.h";
				SWIFT_OPTIMIZATION_LEVEL = "-Onone";
				TARGETED_DEVICE_FAMILY = "1,2";
			};
			name = Debug;
		};
		9BF43EE01CEAC81900EC0185 /* Release */ = {
			isa = XCBuildConfiguration;
			buildSettings = {
				ASSETCATALOG_COMPILER_APPICON_NAME = AppIcon;
				CLANG_ENABLE_MODULES = YES;
				CLANG_WARN_BOOL_CONVERSION = YES;
				CLANG_WARN_DIRECT_OBJC_ISA_USAGE = YES_ERROR;
				CLANG_WARN_OBJC_ROOT_CLASS = YES_ERROR;
				CLANG_WARN_UNREACHABLE_CODE = YES;
				"CODE_SIGN_IDENTITY[sdk=iphoneos*]" = "iPhone Developer";
				DEBUG_INFORMATION_FORMAT = "dwarf-with-dsym";
				ENABLE_NS_ASSERTIONS = NO;
				ENABLE_STRICT_OBJC_MSGSEND = YES;
				GCC_NO_COMMON_BLOCKS = YES;
				GCC_WARN_64_TO_32_BIT_CONVERSION = YES;
				GCC_WARN_ABOUT_RETURN_TYPE = YES_ERROR;
				GCC_WARN_UNDECLARED_SELECTOR = YES;
				GCC_WARN_UNINITIALIZED_AUTOS = YES_AGGRESSIVE;
				GCC_WARN_UNUSED_FUNCTION = YES;
				INFOPLIST_FILE = "watsonsdktest-swift/Info.plist";
				IPHONEOS_DEPLOYMENT_TARGET = 8.4;
				LD_RUNPATH_SEARCH_PATHS = "$(inherited) @executable_path/Frameworks";
				MTL_ENABLE_DEBUG_INFO = NO;
				PRODUCT_BUNDLE_IDENTIFIER = com.ibm.cio.watsonsdk.swift;
				PRODUCT_NAME = "$(TARGET_NAME)";
				SWIFT_OBJC_BRIDGING_HEADER = "watsonsdktest-swift/SwiftSpeechHeader.h";
				TARGETED_DEVICE_FAMILY = "1,2";
			};
			name = Release;
		};
		C11A647E1754D0E700385896 /* Debug */ = {
			isa = XCBuildConfiguration;
			buildSettings = {
				ALWAYS_SEARCH_USER_PATHS = NO;
				CLANG_CXX_LANGUAGE_STANDARD = "gnu++0x";
				CLANG_CXX_LIBRARY = "libc++";
				CLANG_ENABLE_OBJC_ARC = YES;
				CLANG_WARN_CONSTANT_CONVERSION = YES;
				CLANG_WARN_EMPTY_BODY = YES;
				CLANG_WARN_ENUM_CONVERSION = YES;
				CLANG_WARN_INT_CONVERSION = YES;
				CLANG_WARN__DUPLICATE_METHOD_MATCH = YES;
				COPY_PHASE_STRIP = NO;
				DEAD_CODE_STRIPPING = NO;
				GCC_C_LANGUAGE_STANDARD = gnu99;
				GCC_DYNAMIC_NO_PIC = NO;
				GCC_OPTIMIZATION_LEVEL = 0;
				GCC_PREPROCESSOR_DEFINITIONS = (
					"DEBUG=1",
					"$(inherited)",
				);
				GCC_SYMBOLS_PRIVATE_EXTERN = NO;
				GCC_WARN_ABOUT_RETURN_TYPE = YES;
				GCC_WARN_UNINITIALIZED_AUTOS = YES;
				GCC_WARN_UNUSED_VARIABLE = YES;
				IPHONEOS_DEPLOYMENT_TARGET = 6.1;
				ONLY_ACTIVE_ARCH = YES;
				OTHER_LDFLAGS = "";
				"PUBLIC_HEADERS_FOLDER_PATH[sdk=*]" = "$(PROJECT_NAME)Headers";
				SDKROOT = iphoneos;
				STRIP_STYLE = "non-global";
				VALID_ARCHS = "armv7 armv7s i386 x86_64 arm64";
			};
			name = Debug;
		};
		C11A647F1754D0E700385896 /* Release */ = {
			isa = XCBuildConfiguration;
			buildSettings = {
				ALWAYS_SEARCH_USER_PATHS = NO;
				CLANG_CXX_LANGUAGE_STANDARD = "gnu++0x";
				CLANG_CXX_LIBRARY = "libc++";
				CLANG_ENABLE_OBJC_ARC = YES;
				CLANG_WARN_CONSTANT_CONVERSION = YES;
				CLANG_WARN_EMPTY_BODY = YES;
				CLANG_WARN_ENUM_CONVERSION = YES;
				CLANG_WARN_INT_CONVERSION = YES;
				CLANG_WARN__DUPLICATE_METHOD_MATCH = YES;
				COPY_PHASE_STRIP = NO;
				DEAD_CODE_STRIPPING = NO;
				GCC_C_LANGUAGE_STANDARD = gnu99;
				GCC_WARN_ABOUT_RETURN_TYPE = YES;
				GCC_WARN_UNINITIALIZED_AUTOS = YES;
				GCC_WARN_UNUSED_VARIABLE = YES;
				IPHONEOS_DEPLOYMENT_TARGET = 6.1;
				ONLY_ACTIVE_ARCH = NO;
				OTHER_LDFLAGS = "";
				"PUBLIC_HEADERS_FOLDER_PATH[sdk=*]" = "$(PROJECT_NAME)Headers";
				SDKROOT = iphoneos;
				STRIP_STYLE = "non-global";
				VALIDATE_PRODUCT = YES;
				VALID_ARCHS = "armv7 armv7s i386 x86_64 arm64";
			};
			name = Release;
		};
		C11A64811754D0E700385896 /* Debug */ = {
			isa = XCBuildConfiguration;
			buildSettings = {
				ARCHS = "$(ARCHS_STANDARD)";
				DEAD_CODE_STRIPPING = NO;
				DSTROOT = /tmp/watsonsdk.dst;
				GCC_PRECOMPILE_PREFIX_HEADER = YES;
				GCC_PREFIX_HEADER = "watsonsdk/watsonsdk-Prefix.pch";
				"HEADER_SEARCH_PATHS[arch=*]" = (
					"$(SRCROOT)/inc/**",
					"$(SRCROOT)/speex",
					"$(SRCROOT)/speexenc",
					"$(SRCROOT)/ogg",
				);
				LIBRARY_SEARCH_PATHS = (
					"$(inherited)",
					"$(PROJECT_DIR)/watsonsdk/lib",
				);
				ONLY_ACTIVE_ARCH = NO;
				OTHER_LDFLAGS = "-ObjC";
				PRODUCT_NAME = "$(TARGET_NAME)";
				SKIP_INSTALL = YES;
				VALID_ARCHS = "arm64 armv7 armv7s i386 x86_64";
			};
			name = Debug;
		};
		C11A64821754D0E700385896 /* Release */ = {
			isa = XCBuildConfiguration;
			buildSettings = {
				ARCHS = "$(ARCHS_STANDARD)";
				DEAD_CODE_STRIPPING = NO;
				DSTROOT = /tmp/watsonsdk.dst;
				GCC_PRECOMPILE_PREFIX_HEADER = YES;
				GCC_PREFIX_HEADER = "watsonsdk/watsonsdk-Prefix.pch";
				"HEADER_SEARCH_PATHS[arch=*]" = (
					"$(SRCROOT)/inc/**",
					"$(SRCROOT)/speex",
					"$(SRCROOT)/speexenc",
					"$(SRCROOT)/ogg",
				);
				LIBRARY_SEARCH_PATHS = (
					"$(inherited)",
					"$(PROJECT_DIR)/watsonsdk/lib",
				);
				ONLY_ACTIVE_ARCH = YES;
				OTHER_LDFLAGS = "-ObjC";
				PRODUCT_NAME = "$(TARGET_NAME)";
				SKIP_INSTALL = YES;
				VALID_ARCHS = "arm64 armv7 armv7s i386 x86_64";
			};
			name = Release;
		};
		C11A648B1754D6AB00385896 /* Debug */ = {
			isa = XCBuildConfiguration;
			buildSettings = {
				ARCHS = "$(ARCHS_STANDARD)";
				FRAMEWORK_SEARCH_PATHS = "$(SRCROOT)/lib";
				ONLY_ACTIVE_ARCH = NO;
				PRODUCT_NAME = "$(TARGET_NAME)";
				USER_HEADER_SEARCH_PATHS = "$(SRCROOT)/inc/**";
				VALID_ARCHS = "arm64 armv7 armv7s i386 x86_64";
			};
			name = Debug;
		};
		C11A648C1754D6AB00385896 /* Release */ = {
			isa = XCBuildConfiguration;
			buildSettings = {
				ARCHS = "$(ARCHS_STANDARD)";
				FRAMEWORK_SEARCH_PATHS = "$(SRCROOT)/lib";
				ONLY_ACTIVE_ARCH = YES;
				PRODUCT_NAME = "$(TARGET_NAME)";
				USER_HEADER_SEARCH_PATHS = "$(SRCROOT)/inc/**";
				VALID_ARCHS = "arm64 armv7 armv7s i386 x86_64";
			};
			name = Release;
		};
		C11A649F1754D98700385896 /* Debug */ = {
			isa = XCBuildConfiguration;
			buildSettings = {
				COMBINE_HIDPI_IMAGES = YES;
				GCC_ENABLE_OBJC_EXCEPTIONS = YES;
				GCC_PRECOMPILE_PREFIX_HEADER = YES;
				GCC_PREFIX_HEADER = "watsonResources/watsonResources-Prefix.pch";
				GCC_WARN_64_TO_32_BIT_CONVERSION = YES;
				INFOPLIST_FILE = "watsonResources/watsonResources-Info.plist";
				INSTALL_PATH = "$(LOCAL_LIBRARY_DIR)/Bundles";
				MACOSX_DEPLOYMENT_TARGET = 10.7;
				ONLY_ACTIVE_ARCH = NO;
				PRODUCT_NAME = watsonsdk;
				SDKROOT = iphoneos;
				WRAPPER_EXTENSION = bundle;
			};
			name = Debug;
		};
		C11A64A01754D98700385896 /* Release */ = {
			isa = XCBuildConfiguration;
			buildSettings = {
				COMBINE_HIDPI_IMAGES = YES;
				COPY_PHASE_STRIP = YES;
				DEBUG_INFORMATION_FORMAT = "dwarf-with-dsym";
				GCC_ENABLE_OBJC_EXCEPTIONS = YES;
				GCC_PRECOMPILE_PREFIX_HEADER = YES;
				GCC_PREFIX_HEADER = "watsonResources/watsonResources-Prefix.pch";
				GCC_WARN_64_TO_32_BIT_CONVERSION = YES;
				INFOPLIST_FILE = "watsonResources/watsonResources-Info.plist";
				INSTALL_PATH = "$(LOCAL_LIBRARY_DIR)/Bundles";
				MACOSX_DEPLOYMENT_TARGET = 10.7;
				ONLY_ACTIVE_ARCH = NO;
				PRODUCT_NAME = watsonsdk;
				SDKROOT = iphoneos;
				WRAPPER_EXTENSION = bundle;
			};
			name = Release;
		};
		C16542CA191A0D8500905DCC /* Debug */ = {
			isa = XCBuildConfiguration;
			buildSettings = {
				ASSETCATALOG_COMPILER_APPICON_NAME = AppIcon;
				ASSETCATALOG_COMPILER_LAUNCHIMAGE_NAME = LaunchImage;
				CLANG_ENABLE_MODULES = YES;
				CLANG_ENABLE_OBJC_ARC = YES;
				CLANG_WARN_BOOL_CONVERSION = YES;
				CLANG_WARN_DIRECT_OBJC_ISA_USAGE = YES_ERROR;
				CLANG_WARN_OBJC_ROOT_CLASS = YES_ERROR;
				"CODE_SIGN_IDENTITY[sdk=iphoneos*]" = "iPhone Developer";
				FRAMEWORK_SEARCH_PATHS = (
					"$(inherited)",
					"$(DEVELOPER_FRAMEWORKS_DIR)",
				);
				GCC_PRECOMPILE_PREFIX_HEADER = YES;
				GCC_PREFIX_HEADER = "watsonsdktest-objective-c/watsonsdktest-Prefix.pch";
				GCC_PREPROCESSOR_DEFINITIONS = (
					"DEBUG=1",
					"$(inherited)",
				);
				GCC_WARN_64_TO_32_BIT_CONVERSION = YES;
				GCC_WARN_ABOUT_RETURN_TYPE = YES_ERROR;
				GCC_WARN_UNDECLARED_SELECTOR = YES;
				GCC_WARN_UNINITIALIZED_AUTOS = YES_AGGRESSIVE;
				GCC_WARN_UNUSED_FUNCTION = YES;
				INFOPLIST_FILE = "watsonsdktest-objective-c/watsonsdktest-Info.plist";
				IPHONEOS_DEPLOYMENT_TARGET = 7.1;
				ONLY_ACTIVE_ARCH = NO;
				PRODUCT_BUNDLE_IDENTIFIER = com.ibm.cio.watsonsdk.objetivec;
				PRODUCT_NAME = "$(TARGET_NAME)";
				TARGETED_DEVICE_FAMILY = "1,2";
				WRAPPER_EXTENSION = app;
			};
			name = Debug;
		};
		C16542CB191A0D8500905DCC /* Release */ = {
			isa = XCBuildConfiguration;
			buildSettings = {
				ASSETCATALOG_COMPILER_APPICON_NAME = AppIcon;
				ASSETCATALOG_COMPILER_LAUNCHIMAGE_NAME = LaunchImage;
				CLANG_ENABLE_MODULES = YES;
				CLANG_ENABLE_OBJC_ARC = YES;
				CLANG_WARN_BOOL_CONVERSION = YES;
				CLANG_WARN_DIRECT_OBJC_ISA_USAGE = YES_ERROR;
				CLANG_WARN_OBJC_ROOT_CLASS = YES_ERROR;
				"CODE_SIGN_IDENTITY[sdk=iphoneos*]" = "iPhone Distribution";
				COPY_PHASE_STRIP = YES;
				ENABLE_NS_ASSERTIONS = NO;
				FRAMEWORK_SEARCH_PATHS = (
					"$(inherited)",
					"$(DEVELOPER_FRAMEWORKS_DIR)",
				);
				GCC_PRECOMPILE_PREFIX_HEADER = YES;
				GCC_PREFIX_HEADER = "watsonsdktest-objective-c/watsonsdktest-Prefix.pch";
				GCC_WARN_64_TO_32_BIT_CONVERSION = YES;
				GCC_WARN_ABOUT_RETURN_TYPE = YES_ERROR;
				GCC_WARN_UNDECLARED_SELECTOR = YES;
				GCC_WARN_UNINITIALIZED_AUTOS = YES_AGGRESSIVE;
				GCC_WARN_UNUSED_FUNCTION = YES;
				INFOPLIST_FILE = "watsonsdktest-objective-c/watsonsdktest-Info.plist";
				IPHONEOS_DEPLOYMENT_TARGET = 7.1;
				ONLY_ACTIVE_ARCH = NO;
				PRODUCT_BUNDLE_IDENTIFIER = com.ibm.cio.watsonsdk.objetivec;
				PRODUCT_NAME = "$(TARGET_NAME)";
				TARGETED_DEVICE_FAMILY = "1,2";
				WRAPPER_EXTENSION = app;
			};
			name = Release;
		};
/* End XCBuildConfiguration section */

/* Begin XCConfigurationList section */
		9BF43EDE1CEAC81900EC0185 /* Build configuration list for PBXNativeTarget "Swift Sample" */ = {
			isa = XCConfigurationList;
			buildConfigurations = (
				9BF43EDF1CEAC81900EC0185 /* Debug */,
				9BF43EE01CEAC81900EC0185 /* Release */,
			);
			defaultConfigurationIsVisible = 0;
			defaultConfigurationName = Release;
		};
		C11A64561754D0E600385896 /* Build configuration list for PBXProject "watsonsdk" */ = {
			isa = XCConfigurationList;
			buildConfigurations = (
				C11A647E1754D0E700385896 /* Debug */,
				C11A647F1754D0E700385896 /* Release */,
			);
			defaultConfigurationIsVisible = 0;
			defaultConfigurationName = Release;
		};
		C11A64801754D0E700385896 /* Build configuration list for PBXNativeTarget "watsonsdk" */ = {
			isa = XCConfigurationList;
			buildConfigurations = (
				C11A64811754D0E700385896 /* Debug */,
				C11A64821754D0E700385896 /* Release */,
			);
			defaultConfigurationIsVisible = 0;
			defaultConfigurationName = Release;
		};
		C11A648A1754D6AB00385896 /* Build configuration list for PBXAggregateTarget "Framework" */ = {
			isa = XCConfigurationList;
			buildConfigurations = (
				C11A648B1754D6AB00385896 /* Debug */,
				C11A648C1754D6AB00385896 /* Release */,
			);
			defaultConfigurationIsVisible = 0;
			defaultConfigurationName = Release;
		};
		C11A649E1754D98700385896 /* Build configuration list for PBXNativeTarget "watsonResources" */ = {
			isa = XCConfigurationList;
			buildConfigurations = (
				C11A649F1754D98700385896 /* Debug */,
				C11A64A01754D98700385896 /* Release */,
			);
			defaultConfigurationIsVisible = 0;
			defaultConfigurationName = Release;
		};
		C16542CE191A0D8500905DCC /* Build configuration list for PBXNativeTarget "OC Sample" */ = {
			isa = XCConfigurationList;
			buildConfigurations = (
				C16542CA191A0D8500905DCC /* Debug */,
				C16542CB191A0D8500905DCC /* Release */,
			);
			defaultConfigurationIsVisible = 0;
			defaultConfigurationName = Release;
		};
/* End XCConfigurationList section */
	};
	rootObject = C11A64531754D0E600385896 /* Project object */;
}
